
Microsoft Visual Studio Solution File, Format Version 12.00
# Visual Studio Version 16
VisualStudioVersion = 16.0.30104.148
MinimumVisualStudioVersion = 10.0.40219.1
Project("{FAE04EC0-301F-11D3-BF4B-00C04F79EFBC}") = "PokerGame.ConsoleApp", "PokerGame.ConsoleApp\PokerGame.ConsoleApp.csproj", "{20DA6111-6DF9-4FF6-8924-CA8328074150}"
EndProject
Project("{FAE04EC0-301F-11D3-BF4B-00C04F79EFBC}") = "PockerGameTest", "PockerGameTest\PockerGameTest.csproj", "{735E5C41-014E-4649-9509-632CD2ED6DA9}"
EndProject
Project("{FAE04EC0-301F-11D3-BF4B-00C04F79EFBC}") = "PockerLibrary", "PockerLibrary\PockerLibrary.csproj", "{864EC5C1-56CA-4899-99D5-985C31FD5C75}"
EndProject
Global
	GlobalSection(SolutionConfigurationPlatforms) = preSolution
		Debug|Any CPU = Debug|Any CPU
		Release|Any CPU = Release|Any CPU
	EndGlobalSection
	GlobalSection(ProjectConfigurationPlatforms) = postSolution
		{20DA6111-6DF9-4FF6-8924-CA8328074150}.Debug|Any CPU.ActiveCfg = Debug|Any CPU
		{20DA6111-6DF9-4FF6-8924-CA8328074150}.Debug|Any CPU.Build.0 = Debug|Any CPU
		{20DA6111-6DF9-4FF6-8924-CA8328074150}.Release|Any CPU.ActiveCfg = Release|Any CPU
		{20DA6111-6DF9-4FF6-8924-CA8328074150}.Release|Any CPU.Build.0 = Release|Any CPU
		{735E5C41-014E-4649-9509-632CD2ED6DA9}.Debug|Any CPU.ActiveCfg = Debug|Any CPU
		{735E5C41-014E-4649-9509-632CD2ED6DA9}.Debug|Any CPU.Build.0 = Debug|Any CPU
		{735E5C41-014E-4649-9509-632CD2ED6DA9}.Release|Any CPU.ActiveCfg = Release|Any CPU
		{735E5C41-014E-4649-9509-632CD2ED6DA9}.Release|Any CPU.Build.0 = Release|Any CPU
		{864EC5C1-56CA-4899-99D5-985C31FD5C75}.Debug|Any CPU.ActiveCfg = Debug|Any CPU
		{864EC5C1-56CA-4899-99D5-985C31FD5C75}.Debug|Any CPU.Build.0 = Debug|Any CPU
		{864EC5C1-56CA-4899-99D5-985C31FD5C75}.Release|Any CPU.ActiveCfg = Release|Any CPU
		{864EC5C1-56CA-4899-99D5-985C31FD5C75}.Release|Any CPU.Build.0 = Release|Any CPU
	EndGlobalSection
	GlobalSection(SolutionProperties) = preSolution
		HideSolutionNode = FALSE
	EndGlobalSection
	GlobalSection(ExtensibilityGlobals) = postSolution
		SolutionGuid = {59DE08EC-86B3-4409-8374-48348CC8E301}
	EndGlobalSection
EndGlobal
